Microsoft Visual Studio Solution File, Format Version 12.00
# Visual Studio 15
VisualStudioVersion = 15.0.27130.2003
MinimumVisualStudioVersion = 10.0.40219.1
Project("{FAE04EC0-301F-11D3-BF4B-00C04F79EFBC}") = "RoslynMonoFamix", "RoslynMonoFamix\RoslynMonoFamix.csproj", "{9FC9ACF1-6CFE-4A8A-A37D-4781194E55F2}"
EndProject
Project("{FAE04EC0-301F-11D3-BF4B-00C04F79EFBC}") = "FameTest", "FameTest\FameTest.csproj", "{AE610F61-33B1-4AF4-A14C-7B7ED92A70A1}"
EndProject
Project("{FAE04EC0-301F-11D3-BF4B-00C04F79EFBC}") = "Fame", "Fame\Fame.csproj", "{09C7B774-DC5F-4541-B33B-C50664A623AF}"
EndProject
Project("{FAE04EC0-301F-11D3-BF4B-00C04F79EFBC}") = "FamixTest", "FamixTest\FamixTest.csproj", "{5D856463-0EC7-4DB9-AC8F-529D034D4291}"
	ProjectSection(ProjectDependencies) = postProject
		{09C7B774-DC5F-4541-B33B-C50664A623AF} = {09C7B774-DC5F-4541-B33B-C50664A623AF}
		{9FC9ACF1-6CFE-4A8A-A37D-4781194E55F2} = {9FC9ACF1-6CFE-4A8A-A37D-4781194E55F2}
	EndProjectSection
EndProject
Global
	GlobalSection(SolutionConfigurationPlatforms) = preSolution
		Debug|Any CPU = Debug|Any CPU
		Release|Any CPU = Release|Any CPU
	EndGlobalSection
	GlobalSection(ProjectConfigurationPlatforms) = postSolution
		{9FC9ACF1-6CFE-4A8A-A37D-4781194E55F2}.Debug|Any CPU.ActiveCfg = Debug|Any CPU
		{9FC9ACF1-6CFE-4A8A-A37D-4781194E55F2}.Debug|Any CPU.Build.0 = Debug|Any CPU
		{9FC9ACF1-6CFE-4A8A-A37D-4781194E55F2}.Release|Any CPU.ActiveCfg = Release|Any CPU
		{9FC9ACF1-6CFE-4A8A-A37D-4781194E55F2}.Release|Any CPU.Build.0 = Release|Any CPU
		{AE610F61-33B1-4AF4-A14C-7B7ED92A70A1}.Debug|Any CPU.ActiveCfg = Debug|Any CPU
		{AE610F61-33B1-4AF4-A14C-7B7ED92A70A1}.Debug|Any CPU.Build.0 = Debug|Any CPU
		{AE610F61-33B1-4AF4-A14C-7B7ED92A70A1}.Release|Any CPU.ActiveCfg = Release|Any CPU
		{AE610F61-33B1-4AF4-A14C-7B7ED92A70A1}.Release|Any CPU.Build.0 = Release|Any CPU
		{09C7B774-DC5F-4541-B33B-C50664A623AF}.Debug|Any CPU.ActiveCfg = Debug|Any CPU
		{09C7B774-DC5F-4541-B33B-C50664A623AF}.Debug|Any CPU.Build.0 = Debug|Any CPU
		{09C7B774-DC5F-4541-B33B-C50664A623AF}.Release|Any CPU.ActiveCfg = Release|Any CPU
		{09C7B774-DC5F-4541-B33B-C50664A623AF}.Release|Any CPU.Build.0 = Release|Any CPU
		{5D856463-0EC7-4DB9-AC8F-529D034D4291}.Debug|Any CPU.ActiveCfg = Debug|Any CPU
		{5D856463-0EC7-4DB9-AC8F-529D034D4291}.Debug|Any CPU.Build.0 = Debug|Any CPU
		{5D856463-0EC7-4DB9-AC8F-529D034D4291}.Release|Any CPU.ActiveCfg = Release|Any CPU
		{5D856463-0EC7-4DB9-AC8F-529D034D4291}.Release|Any CPU.Build.0 = Release|Any CPU
	EndGlobalSection
	GlobalSection(SolutionProperties) = preSolution
		HideSolutionNode = FALSE
	EndGlobalSection
	GlobalSection(ExtensibilityGlobals) = postSolution
		SolutionGuid = {35D268ED-65A0-401F-AE49-5C8FAEEDDBCA}
	EndGlobalSection
EndGlobal
